
Microsoft Visual Studio Solution File, Format Version 12.00
# Visual Studio Version 17
VisualStudioVersion = 17.2.32616.157
MinimumVisualStudioVersion = 10.0.40219.1
Project("{FAE04EC0-301F-11D3-BF4B-00C04F79EFBC}") = "FormulaOneStats", "FormulaOneStats.csproj", "{693567C5-C6DB-47C4-965F-E884C0591AEB}"
EndProject
Global
	GlobalSection(SolutionConfigurationPlatforms) = preSolution
		Debug|Any CPU = Debug|Any CPU
		Release|Any CPU = Release|Any CPU
	EndGlobalSection
	GlobalSection(ProjectConfigurationPlatforms) = postSolution
		{693567C5-C6DB-47C4-965F-E884C0591AEB}.Debug|Any CPU.ActiveCfg = Debug|Any CPU
		{693567C5-C6DB-47C4-965F-E884C0591AEB}.Debug|Any CPU.Build.0 = Debug|Any CPU
		{693567C5-C6DB-47C4-965F-E884C0591AEB}.Release|Any CPU.ActiveCfg = Release|Any CPU
		{693567C5-C6DB-47C4-965F-E884C0591AEB}.Release|Any CPU.Build.0 = Release|Any CPU
	EndGlobalSection
	GlobalSection(SolutionProperties) = preSolution
		HideSolutionNode = FALSE
	EndGlobalSection
	GlobalSection(ExtensibilityGlobals) = postSolution
		SolutionGuid = {0E02E64F-4279-4EB4-921D-C635DF144F97}
	EndGlobalSection
EndGlobal
